{
  "nodes": {
    "ai-robots-txt": {
      "flake": false,
      "locked": {
        "lastModified": 1751159267,
        "narHash": "sha256-JoodhdK/z3Om/XKuEyArS9Mc1XnLwqY2J/f4YfsG+W8=",
        "owner": "ai-robots-txt",
        "repo": "ai.robots.txt",
        "rev": "2bfcee794de3b58ef8f805671b5b0bde0fc1de84",
        "type": "github"
      },
      "original": {
        "owner": "ai-robots-txt",
        "repo": "ai.robots.txt",
        "type": "github"
      }
    },
    "hugo-bearblog": {
      "flake": false,
      "locked": {
        "lastModified": 1746809949,
        "narHash": "sha256-Ge0F/IiuLcCRv4cSwtqEFWcEbMcyNPuq1LtxcganFUk=",
        "owner": "janraasch",
        "repo": "hugo-bearblog",
        "rev": "c541ece2bd1f5ce0786f6bb01ee99be6e25f23b5",
        "type": "github"
      },
      "original": {
        "owner": "janraasch",
        "repo": "hugo-bearblog",
        "type": "github"
      }
    },
    "nixpkgs": {
      "locked": {
        "lastModified": 1751285371,
        "narHash": "sha256-/hDU+2AUeFFu5qGHO/UyFMc4UG/x5Cw5uXO36KGTk6c=",
        "owner": "NixOS",
        "repo": "nixpkgs",
        "rev": "b9c03fbbaf84d85bb28eee530c7e9edc4021ca1b",
        "type": "github"
      },
      "original": {
        "owner": "NixOS",
        "ref": "nixpkgs-unstable",
        "repo": "nixpkgs",
        "type": "github"
      }
    },
    "root": {
      "inputs": {
        "ai-robots-txt": "ai-robots-txt",
        "hugo-bearblog": "hugo-bearblog",
        "nixpkgs": "nixpkgs"
      }
    }
  },
  "root": "root",
  "version": 7
}
