{
  "nodes": {
    "ai-robots-txt": {
      "flake": false,
      "locked": {
        "lastModified": 1737420562,
        "narHash": "sha256-OH6sp/Xh6+GIglB/wTcTPdT3Zy8V1G7VT0JSsyOMLIM=",
        "owner": "ai-robots-txt",
        "repo": "ai.robots.txt",
        "rev": "9c060dee1c9cead8a3cb1092bdf8615cf33f3656",
        "type": "github"
      },
      "original": {
        "owner": "ai-robots-txt",
        "repo": "ai.robots.txt",
        "type": "github"
      }
    },
    "hugo-bearblog": {
      "flake": false,
      "locked": {
        "lastModified": 1736528219,
        "narHash": "sha256-dufWNIeb/DFZ9azOL5MwVUVZXjNl0og8eB6A0IvuFwI=",
        "owner": "janraasch",
        "repo": "hugo-bearblog",
        "rev": "9b9ac1026f6332af5f822e49cfe3e5a51b09f5cc",
        "type": "github"
      },
      "original": {
        "owner": "janraasch",
        "repo": "hugo-bearblog",
        "type": "github"
      }
    },
    "nixpkgs": {
      "locked": {
        "lastModified": 1738297584,
        "narHash": "sha256-AYvaFBzt8dU0fcSK2jKD0Vg23K2eIRxfsVXIPCW9a0E=",
        "owner": "NixOS",
        "repo": "nixpkgs",
        "rev": "9189ac18287c599860e878e905da550aa6dec1cd",
        "type": "github"
      },
      "original": {
        "owner": "NixOS",
        "ref": "nixpkgs-unstable",
        "repo": "nixpkgs",
        "type": "github"
      }
    },
    "root": {
      "inputs": {
        "ai-robots-txt": "ai-robots-txt",
        "hugo-bearblog": "hugo-bearblog",
        "nixpkgs": "nixpkgs"
      }
    }
  },
  "root": "root",
  "version": 7
}
